// !$*UTF8*$!
{
	archiveVersion = 1;
	classes = {
	};
	objectVersion = 77;
	objects = {

/* Begin PBXBuildFile section */
		ECED50CC2DBBC6DE00FA39A7 /* PrivacyInfo.xcprivacy in Resources */ = {isa = PBXBuildFile; fileRef = ECED50CB2DBBC6DE00FA39A7 /* PrivacyInfo.xcprivacy */; };
		ECED50CE2DBBC6EA00FA39A7 /* ExternalIdpNativeHandlers.h in Headers */ = {isa = PBXBuildFile; fileRef = ECED50CD2DBBC6EA00FA39A7 /* ExternalIdpNativeHandlers.h */; };
		ECED50DB2DBBC8FA00FA39A7 /* AppleRequestHandler.swift in Sources */ = {isa = PBXBuildFile; fileRef = ECED50DA2DBBC8FA00FA39A7 /* AppleRequestHandler.swift */; };
		ECED50DD2DBBC90400FA39A7 /* FacebookRequestHandler.swift in Sources */ = {isa = PBXBuildFile; fileRef = ECED50DC2DBBC90400FA39A7 /* FacebookRequestHandler.swift */; };
		ECED50DF2DBBC90700FA39A7 /* GoogleRequestHandler.swift in Sources */ = {isa = PBXBuildFile; fileRef = ECED50DE2DBBC90700FA39A7 /* GoogleRequestHandler.swift */; };
		ECED50E22DBBCA1B00FA39A7 /* PingExternal_idp.framework in Frameworks */ = {isa = PBXBuildFile; fileRef = ECED50E12DBBCA1B00FA39A7 /* PingExternal_idp.framework */; settings = {ATTRIBUTES = (Required, ); }; };
		ECED50E32DBBCA1B00FA39A7 /* PingExternal_idp.framework in Embed Frameworks */ = {isa = PBXBuildFile; fileRef = ECED50E12DBBCA1B00FA39A7 /* PingExternal_idp.framework */; settings = {ATTRIBUTES = (CodeSignOnCopy, RemoveHeadersOnCopy, ); }; };
		ECED50ED2DBBDCBC00FA39A7 /* FacebookCore in Frameworks */ = {isa = PBXBuildFile; productRef = ECED50EC2DBBDCBC00FA39A7 /* FacebookCore */; };
		ECED50EF2DBBDCBC00FA39A7 /* FacebookLogin in Frameworks */ = {isa = PBXBuildFile; productRef = ECED50EE2DBBDCBC00FA39A7 /* FacebookLogin */; };
		ECED50F12DBBE51B00FA39A7 /* NativeIdpCollector.swift in Sources */ = {isa = PBXBuildFile; fileRef = ECED50F02DBBE51200FA39A7 /* NativeIdpCollector.swift */; };
		ECED50FB2DBF969900FA39A7 /* GoogleSignIn in Frameworks */ = {isa = PBXBuildFile; productRef = ECED50FA2DBF969900FA39A7 /* GoogleSignIn */; };
		ECED51042DBFD7EB00FA39A7 /* PingExternal_idp_native_handlers.framework in Frameworks */ = {isa = PBXBuildFile; fileRef = ECED50B62DBBC6CC00FA39A7 /* PingExternal_idp_native_handlers.framework */; platformFilter = ios; };
		ECED510E2DBFD7FF00FA39A7 /* NativeHandlerTests.swift in Sources */ = {isa = PBXBuildFile; fileRef = ECED510D2DBFD7FF00FA39A7 /* NativeHandlerTests.swift */; };
		ECED51102DBFD89500FA39A7 /* PingExternal_idp.framework in Frameworks */ = {isa = PBXBuildFile; fileRef = ECED510F2DBFD89500FA39A7 /* PingExternal_idp.framework */; };
		ECED51112DBFD89500FA39A7 /* PingExternal_idp.framework in Embed Frameworks */ = {isa = PBXBuildFile; fileRef = ECED510F2DBFD89500FA39A7 /* PingExternal_idp.framework */; settings = {ATTRIBUTES = (CodeSignOnCopy, RemoveHeadersOnCopy, ); }; };
/* End PBXBuildFile section */

/* Begin PBXContainerItemProxy section */
		ECED51052DBFD7EB00FA39A7 /* PBXContainerItemProxy */ = {
			isa = PBXContainerItemProxy;
			containerPortal = ECED50AD2DBBC6CC00FA39A7 /* Project object */;
			proxyType = 1;
			remoteGlobalIDString = ECED50B52DBBC6CC00FA39A7;
			remoteInfo = "PingExternal-idp-native-handlers";
		};
/* End PBXContainerItemProxy section */

/* Begin PBXCopyFilesBuildPhase section */
		ECED50E42DBBCA1B00FA39A7 /* Embed Frameworks */ = {
			isa = PBXCopyFilesBuildPhase;
			buildActionMask = 2147483647;
			dstPath = "";
			dstSubfolderSpec = 10;
			files = (
				ECED50E32DBBCA1B00FA39A7 /* PingExternal_idp.framework in Embed Frameworks */,
			);
			name = "Embed Frameworks";
			runOnlyForDeploymentPostprocessing = 0;
		};
		ECED51122DBFD89600FA39A7 /* Embed Frameworks */ = {
			isa = PBXCopyFilesBuildPhase;
			buildActionMask = 2147483647;
			dstPath = "";
			dstSubfolderSpec = 10;
			files = (
				ECED51112DBFD89500FA39A7 /* PingExternal_idp.framework in Embed Frameworks */,
			);
			name = "Embed Frameworks";
			runOnlyForDeploymentPostprocessing = 0;
		};
/* End PBXCopyFilesBuildPhase section */

/* Begin PBXFileReference section */
		ECED50B62DBBC6CC00FA39A7 /* PingExternal_idp_native_handlers.framework */ = {isa = PBXFileReference; explicitFileType = wrapper.framework; includeInIndex = 0; path = PingExternal_idp_native_handlers.framework; sourceTree = BUILT_PRODUCTS_DIR; };
		ECED50CB2DBBC6DE00FA39A7 /* PrivacyInfo.xcprivacy */ = {isa = PBXFileReference; lastKnownFileType = text.xml; path = PrivacyInfo.xcprivacy; sourceTree = "<group>"; };
		ECED50CD2DBBC6EA00FA39A7 /* ExternalIdpNativeHandlers.h */ = {isa = PBXFileReference; lastKnownFileType = sourcecode.c.h; path = ExternalIdpNativeHandlers.h; sourceTree = "<group>"; };
		ECED50DA2DBBC8FA00FA39A7 /* AppleRequestHandler.swift */ = {isa = PBXFileReference; lastKnownFileType = sourcecode.swift; path = AppleRequestHandler.swift; sourceTree = "<group>"; };
		ECED50DC2DBBC90400FA39A7 /* FacebookRequestHandler.swift */ = {isa = PBXFileReference; lastKnownFileType = sourcecode.swift; path = FacebookRequestHandler.swift; sourceTree = "<group>"; };
		ECED50DE2DBBC90700FA39A7 /* GoogleRequestHandler.swift */ = {isa = PBXFileReference; lastKnownFileType = sourcecode.swift; path = GoogleRequestHandler.swift; sourceTree = "<group>"; };
		ECED50E12DBBCA1B00FA39A7 /* PingExternal_idp.framework */ = {isa = PBXFileReference; explicitFileType = wrapper.framework; path = PingExternal_idp.framework; sourceTree = BUILT_PRODUCTS_DIR; };
		ECED50F02DBBE51200FA39A7 /* NativeIdpCollector.swift */ = {isa = PBXFileReference; lastKnownFileType = sourcecode.swift; path = NativeIdpCollector.swift; sourceTree = "<group>"; };
		ECED51002DBFD7EB00FA39A7 /* PingExternal_idp_native_handlersTests.xctest */ = {isa = PBXFileReference; explicitFileType = wrapper.cfbundle; includeInIndex = 0; path = PingExternal_idp_native_handlersTests.xctest; sourceTree = BUILT_PRODUCTS_DIR; };
		ECED510D2DBFD7FF00FA39A7 /* NativeHandlerTests.swift */ = {isa = PBXFileReference; lastKnownFileType = sourcecode.swift; path = NativeHandlerTests.swift; sourceTree = "<group>"; };
		ECED510F2DBFD89500FA39A7 /* PingExternal_idp.framework */ = {isa = PBXFileReference; explicitFileType = wrapper.framework; path = PingExternal_idp.framework; sourceTree = BUILT_PRODUCTS_DIR; };
/* End PBXFileReference section */

/* Begin PBXFrameworksBuildPhase section */
		ECED50B32DBBC6CC00FA39A7 /* Frameworks */ = {
			isa = PBXFrameworksBuildPhase;
			buildActionMask = 2147483647;
			files = (
				ECED50EF2DBBDCBC00FA39A7 /* FacebookLogin in Frameworks */,
				ECED50FB2DBF969900FA39A7 /* GoogleSignIn in Frameworks */,
				ECED50E22DBBCA1B00FA39A7 /* PingExternal_idp.framework in Frameworks */,
				ECED50ED2DBBDCBC00FA39A7 /* FacebookCore in Frameworks */,
			);
			runOnlyForDeploymentPostprocessing = 0;
		};
		ECED50FD2DBFD7EB00FA39A7 /* Frameworks */ = {
			isa = PBXFrameworksBuildPhase;
			buildActionMask = 2147483647;
			files = (
				ECED51042DBFD7EB00FA39A7 /* PingExternal_idp_native_handlers.framework in Frameworks */,
				ECED51102DBFD89500FA39A7 /* PingExternal_idp.framework in Frameworks */,
			);
			runOnlyForDeploymentPostprocessing = 0;
		};
/* End PBXFrameworksBuildPhase section */

/* Begin PBXGroup section */
		ECED50AC2DBBC6CC00FA39A7 = {
			isa = PBXGroup;
			children = (
				ECED50C92DBBC6D500FA39A7 /* External-idp-native-handlers */,
				ECED510B2DBFD7F100FA39A7 /* PingExternal_idp_native_handlersTests */,
				ECED50E02DBBCA1B00FA39A7 /* Frameworks */,
				ECED50B72DBBC6CC00FA39A7 /* Products */,
			);
			sourceTree = "<group>";
		};
		ECED50B72DBBC6CC00FA39A7 /* Products */ = {
			isa = PBXGroup;
			children = (
				ECED50B62DBBC6CC00FA39A7 /* PingExternal_idp_native_handlers.framework */,
				ECED51002DBFD7EB00FA39A7 /* PingExternal_idp_native_handlersTests.xctest */,
			);
			name = Products;
			sourceTree = "<group>";
		};
		ECED50C92DBBC6D500FA39A7 /* External-idp-native-handlers */ = {
			isa = PBXGroup;
			children = (
				ECED50CF2DBBC75400FA39A7 /* Handlers */,
				ECED50CB2DBBC6DE00FA39A7 /* PrivacyInfo.xcprivacy */,
				ECED50CD2DBBC6EA00FA39A7 /* ExternalIdpNativeHandlers.h */,
				ECED50F02DBBE51200FA39A7 /* NativeIdpCollector.swift */,
			);
			path = "External-idp-native-handlers";
			sourceTree = "<group>";
		};
		ECED50CF2DBBC75400FA39A7 /* Handlers */ = {
			isa = PBXGroup;
			children = (
				ECED50DA2DBBC8FA00FA39A7 /* AppleRequestHandler.swift */,
				ECED50DC2DBBC90400FA39A7 /* FacebookRequestHandler.swift */,
				ECED50DE2DBBC90700FA39A7 /* GoogleRequestHandler.swift */,
			);
			path = Handlers;
			sourceTree = "<group>";
		};
		ECED50E02DBBCA1B00FA39A7 /* Frameworks */ = {
			isa = PBXGroup;
			children = (
				ECED510F2DBFD89500FA39A7 /* PingExternal_idp.framework */,
				ECED50E12DBBCA1B00FA39A7 /* PingExternal_idp.framework */,
			);
			name = Frameworks;
			sourceTree = "<group>";
		};
		ECED510B2DBFD7F100FA39A7 /* PingExternal_idp_native_handlersTests */ = {
			isa = PBXGroup;
			children = (
				ECED510D2DBFD7FF00FA39A7 /* NativeHandlerTests.swift */,
			);
			path = PingExternal_idp_native_handlersTests;
			sourceTree = "<group>";
		};
/* End PBXGroup section */

/* Begin PBXHeadersBuildPhase section */
		ECED50B12DBBC6CC00FA39A7 /* Headers */ = {
			isa = PBXHeadersBuildPhase;
			buildActionMask = 2147483647;
			files = (
				ECED50CE2DBBC6EA00FA39A7 /* ExternalIdpNativeHandlers.h in Headers */,
			);
			runOnlyForDeploymentPostprocessing = 0;
		};
/* End PBXHeadersBuildPhase section */

/* Begin PBXNativeTarget section */
		ECED50B52DBBC6CC00FA39A7 /* PingExternal-idp-native-handlers */ = {
			isa = PBXNativeTarget;
			buildConfigurationList = ECED50BD2DBBC6CC00FA39A7 /* Build configuration list for PBXNativeTarget "PingExternal-idp-native-handlers" */;
			buildPhases = (
				ECED50B12DBBC6CC00FA39A7 /* Headers */,
				ECED50B22DBBC6CC00FA39A7 /* Sources */,
				ECED50B32DBBC6CC00FA39A7 /* Frameworks */,
				ECED50B42DBBC6CC00FA39A7 /* Resources */,
				ECED50E42DBBCA1B00FA39A7 /* Embed Frameworks */,
			);
			buildRules = (
			);
			dependencies = (
			);
			name = "PingExternal-idp-native-handlers";
			packageProductDependencies = (
				ECED50EC2DBBDCBC00FA39A7 /* FacebookCore */,
				ECED50EE2DBBDCBC00FA39A7 /* FacebookLogin */,
				ECED50FA2DBF969900FA39A7 /* GoogleSignIn */,
			);
			productName = "External-idp-native-handlers";
			productReference = ECED50B62DBBC6CC00FA39A7 /* PingExternal_idp_native_handlers.framework */;
			productType = "com.apple.product-type.framework";
		};
		ECED50FF2DBFD7EB00FA39A7 /* PingExternal_idp_native_handlersTests */ = {
			isa = PBXNativeTarget;
			buildConfigurationList = ECED51072DBFD7EB00FA39A7 /* Build configuration list for PBXNativeTarget "PingExternal_idp_native_handlersTests" */;
			buildPhases = (
				ECED50FC2DBFD7EB00FA39A7 /* Sources */,
				ECED50FD2DBFD7EB00FA39A7 /* Frameworks */,
				ECED50FE2DBFD7EB00FA39A7 /* Resources */,
				ECED51122DBFD89600FA39A7 /* Embed Frameworks */,
			);
			buildRules = (
			);
			dependencies = (
				ECED51062DBFD7EB00FA39A7 /* PBXTargetDependency */,
			);
			name = PingExternal_idp_native_handlersTests;
			packageProductDependencies = (
			);
			productName = PingExternal_idp_native_handlersTests;
			productReference = ECED51002DBFD7EB00FA39A7 /* PingExternal_idp_native_handlersTests.xctest */;
			productType = "com.apple.product-type.bundle.unit-test";
		};
/* End PBXNativeTarget section */

/* Begin PBXProject section */
		ECED50AD2DBBC6CC00FA39A7 /* Project object */ = {
			isa = PBXProject;
			attributes = {
				BuildIndependentTargetsInParallel = 1;
				LastSwiftUpdateCheck = 1630;
				LastUpgradeCheck = 1630;
				TargetAttributes = {
					ECED50B52DBBC6CC00FA39A7 = {
						CreatedOnToolsVersion = 16.3;
					};
					ECED50FF2DBFD7EB00FA39A7 = {
						CreatedOnToolsVersion = 16.3;
					};
				};
			};
			buildConfigurationList = ECED50B02DBBC6CC00FA39A7 /* Build configuration list for PBXProject "External-idp-native-handlers" */;
			developmentRegion = en;
			hasScannedForEncodings = 0;
			knownRegions = (
				en,
				Base,
			);
			mainGroup = ECED50AC2DBBC6CC00FA39A7;
			minimizedProjectReferenceProxies = 1;
			packageReferences = (
				ECED50EB2DBBDCBC00FA39A7 /* XCRemoteSwiftPackageReference "facebook-ios-sdk" */,
				ECED50F92DBF969900FA39A7 /* XCRemoteSwiftPackageReference "GoogleSignIn-iOS" */,
			);
			preferredProjectObjectVersion = 77;
			productRefGroup = ECED50B72DBBC6CC00FA39A7 /* Products */;
			projectDirPath = "";
			projectRoot = "";
			targets = (
				ECED50B52DBBC6CC00FA39A7 /* PingExternal-idp-native-handlers */,
				ECED50FF2DBFD7EB00FA39A7 /* PingExternal_idp_native_handlersTests */,
			);
		};
/* End PBXProject section */

/* Begin PBXResourcesBuildPhase section */
		ECED50B42DBBC6CC00FA39A7 /* Resources */ = {
			isa = PBXResourcesBuildPhase;
			buildActionMask = 2147483647;
			files = (
				ECED50CC2DBBC6DE00FA39A7 /* PrivacyInfo.xcprivacy in Resources */,
			);
			runOnlyForDeploymentPostprocessing = 0;
		};
		ECED50FE2DBFD7EB00FA39A7 /* Resources */ = {
			isa = PBXResourcesBuildPhase;
			buildActionMask = 2147483647;
			files = (
			);
			runOnlyForDeploymentPostprocessing = 0;
		};
/* End PBXResourcesBuildPhase section */

/* Begin PBXSourcesBuildPhase section */
		ECED50B22DBBC6CC00FA39A7 /* Sources */ = {
			isa = PBXSourcesBuildPhase;
			buildActionMask = 2147483647;
			files = (
				ECED50DD2DBBC90400FA39A7 /* FacebookRequestHandler.swift in Sources */,
				ECED50DF2DBBC90700FA39A7 /* GoogleRequestHandler.swift in Sources */,
				ECED50F12DBBE51B00FA39A7 /* NativeIdpCollector.swift in Sources */,
				ECED50DB2DBBC8FA00FA39A7 /* AppleRequestHandler.swift in Sources */,
			);
			runOnlyForDeploymentPostprocessing = 0;
		};
		ECED50FC2DBFD7EB00FA39A7 /* Sources */ = {
			isa = PBXSourcesBuildPhase;
			buildActionMask = 2147483647;
			files = (
				ECED510E2DBFD7FF00FA39A7 /* NativeHandlerTests.swift in Sources */,
			);
			runOnlyForDeploymentPostprocessing = 0;
		};
/* End PBXSourcesBuildPhase section */

/* Begin PBXTargetDependency section */
		ECED51062DBFD7EB00FA39A7 /* PBXTargetDependency */ = {
			isa = PBXTargetDependency;
			platformFilter = ios;
			target = ECED50B52DBBC6CC00FA39A7 /* PingExternal-idp-native-handlers */;
			targetProxy = ECED51052DBFD7EB00FA39A7 /* PBXContainerItemProxy */;
		};
/* End PBXTargetDependency section */

/* Begin XCBuildConfiguration section */
		ECED50BB2DBBC6CC00FA39A7 /* Debug */ = {
			isa = XCBuildConfiguration;
			buildSettings = {
				ALWAYS_SEARCH_USER_PATHS = NO;
				ASSETCATALOG_COMPILER_GENERATE_SWIFT_ASSET_SYMBOL_EXTENSIONS = YES;
				CLANG_ANALYZER_NONNULL = YES;
				CLANG_ANALYZER_NUMBER_OBJECT_CONVERSION = YES_AGGRESSIVE;
				CLANG_CXX_LANGUAGE_STANDARD = "gnu++20";
				CLANG_ENABLE_MODULES = YES;
				CLANG_ENABLE_OBJC_ARC = YES;
				CLANG_ENABLE_OBJC_WEAK = YES;
				CLANG_WARN_BLOCK_CAPTURE_AUTORELEASING = YES;
				CLANG_WARN_BOOL_CONVERSION = YES;
				CLANG_WARN_COMMA = YES;
				CLANG_WARN_CONSTANT_CONVERSION = YES;
				CLANG_WARN_DEPRECATED_OBJC_IMPLEMENTATIONS = YES;
				CLANG_WARN_DIRECT_OBJC_ISA_USAGE = YES_ERROR;
				CLANG_WARN_DOCUMENTATION_COMMENTS = YES;
				CLANG_WARN_EMPTY_BODY = YES;
				CLANG_WARN_ENUM_CONVERSION = YES;
				CLANG_WARN_INFINITE_RECURSION = YES;
				CLANG_WARN_INT_CONVERSION = YES;
				CLANG_WARN_NON_LITERAL_NULL_CONVERSION = YES;
				CLANG_WARN_OBJC_IMPLICIT_RETAIN_SELF = YES;
				CLANG_WARN_OBJC_LITERAL_CONVERSION = YES;
				CLANG_WARN_OBJC_ROOT_CLASS = YES_ERROR;
				CLANG_WARN_QUOTED_INCLUDE_IN_FRAMEWORK_HEADER = YES;
				CLANG_WARN_RANGE_LOOP_ANALYSIS = YES;
				CLANG_WARN_STRICT_PROTOTYPES = YES;
				CLANG_WARN_SUSPICIOUS_MOVE = YES;
				CLANG_WARN_UNGUARDED_AVAILABILITY = YES_AGGRESSIVE;
				CLANG_WARN_UNREACHABLE_CODE = YES;
				CLANG_WARN__DUPLICATE_METHOD_MATCH = YES;
				COPY_PHASE_STRIP = NO;
				CURRENT_PROJECT_VERSION = 1;
				DEBUG_INFORMATION_FORMAT = dwarf;
				DEVELOPMENT_TEAM = 24J8Y2KTAV;
				ENABLE_STRICT_OBJC_MSGSEND = YES;
				ENABLE_TESTABILITY = YES;
				ENABLE_USER_SCRIPT_SANDBOXING = YES;
				GCC_C_LANGUAGE_STANDARD = gnu17;
				GCC_DYNAMIC_NO_PIC = NO;
				GCC_NO_COMMON_BLOCKS = YES;
				GCC_OPTIMIZATION_LEVEL = 0;
				GCC_PREPROCESSOR_DEFINITIONS = (
					"DEBUG=1",
					"$(inherited)",
				);
				GCC_WARN_64_TO_32_BIT_CONVERSION = YES;
				GCC_WARN_ABOUT_RETURN_TYPE = YES_ERROR;
				GCC_WARN_UNDECLARED_SELECTOR = YES;
				GCC_WARN_UNINITIALIZED_AUTOS = YES_AGGRESSIVE;
				GCC_WARN_UNUSED_FUNCTION = YES;
				GCC_WARN_UNUSED_VARIABLE = YES;
				IPHONEOS_DEPLOYMENT_TARGET = 18.4;
				LOCALIZATION_PREFERS_STRING_CATALOGS = YES;
				MTL_ENABLE_DEBUG_INFO = INCLUDE_SOURCE;
				MTL_FAST_MATH = YES;
				ONLY_ACTIVE_ARCH = YES;
				SDKROOT = iphoneos;
				SWIFT_ACTIVE_COMPILATION_CONDITIONS = "DEBUG $(inherited)";
				SWIFT_OPTIMIZATION_LEVEL = "-Onone";
				VERSIONING_SYSTEM = "apple-generic";
				VERSION_INFO_PREFIX = "";
			};
			name = Debug;
		};
		ECED50BC2DBBC6CC00FA39A7 /* Release */ = {
			isa = XCBuildConfiguration;
			buildSettings = {
				ALWAYS_SEARCH_USER_PATHS = NO;
				ASSETCATALOG_COMPILER_GENERATE_SWIFT_ASSET_SYMBOL_EXTENSIONS = YES;
				CLANG_ANALYZER_NONNULL = YES;
				CLANG_ANALYZER_NUMBER_OBJECT_CONVERSION = YES_AGGRESSIVE;
				CLANG_CXX_LANGUAGE_STANDARD = "gnu++20";
				CLANG_ENABLE_MODULES = YES;
				CLANG_ENABLE_OBJC_ARC = YES;
				CLANG_ENABLE_OBJC_WEAK = YES;
				CLANG_WARN_BLOCK_CAPTURE_AUTORELEASING = YES;
				CLANG_WARN_BOOL_CONVERSION = YES;
				CLANG_WARN_COMMA = YES;
				CLANG_WARN_CONSTANT_CONVERSION = YES;
				CLANG_WARN_DEPRECATED_OBJC_IMPLEMENTATIONS = YES;
				CLANG_WARN_DIRECT_OBJC_ISA_USAGE = YES_ERROR;
				CLANG_WARN_DOCUMENTATION_COMMENTS = YES;
				CLANG_WARN_EMPTY_BODY = YES;
				CLANG_WARN_ENUM_CONVERSION = YES;
				CLANG_WARN_INFINITE_RECURSION = YES;
				CLANG_WARN_INT_CONVERSION = YES;
				CLANG_WARN_NON_LITERAL_NULL_CONVERSION = YES;
				CLANG_WARN_OBJC_IMPLICIT_RETAIN_SELF = YES;
				CLANG_WARN_OBJC_LITERAL_CONVERSION = YES;
				CLANG_WARN_OBJC_ROOT_CLASS = YES_ERROR;
				CLANG_WARN_QUOTED_INCLUDE_IN_FRAMEWORK_HEADER = YES;
				CLANG_WARN_RANGE_LOOP_ANALYSIS = YES;
				CLANG_WARN_STRICT_PROTOTYPES = YES;
				CLANG_WARN_SUSPICIOUS_MOVE = YES;
				CLANG_WARN_UNGUARDED_AVAILABILITY = YES_AGGRESSIVE;
				CLANG_WARN_UNREACHABLE_CODE = YES;
				CLANG_WARN__DUPLICATE_METHOD_MATCH = YES;
				COPY_PHASE_STRIP = NO;
				CURRENT_PROJECT_VERSION = 1;
				DEBUG_INFORMATION_FORMAT = "dwarf-with-dsym";
				DEVELOPMENT_TEAM = 24J8Y2KTAV;
				ENABLE_NS_ASSERTIONS = NO;
				ENABLE_STRICT_OBJC_MSGSEND = YES;
				ENABLE_USER_SCRIPT_SANDBOXING = YES;
				GCC_C_LANGUAGE_STANDARD = gnu17;
				GCC_NO_COMMON_BLOCKS = YES;
				GCC_WARN_64_TO_32_BIT_CONVERSION = YES;
				GCC_WARN_ABOUT_RETURN_TYPE = YES_ERROR;
				GCC_WARN_UNDECLARED_SELECTOR = YES;
				GCC_WARN_UNINITIALIZED_AUTOS = YES_AGGRESSIVE;
				GCC_WARN_UNUSED_FUNCTION = YES;
				GCC_WARN_UNUSED_VARIABLE = YES;
				IPHONEOS_DEPLOYMENT_TARGET = 18.4;
				LOCALIZATION_PREFERS_STRING_CATALOGS = YES;
				MTL_ENABLE_DEBUG_INFO = NO;
				MTL_FAST_MATH = YES;
				SDKROOT = iphoneos;
				SWIFT_COMPILATION_MODE = wholemodule;
				VALIDATE_PRODUCT = YES;
				VERSIONING_SYSTEM = "apple-generic";
				VERSION_INFO_PREFIX = "";
			};
			name = Release;
		};
		ECED50BE2DBBC6CC00FA39A7 /* Debug */ = {
			isa = XCBuildConfiguration;
			buildSettings = {
				BUILD_LIBRARY_FOR_DISTRIBUTION = NO;
				CODE_SIGN_STYLE = Automatic;
				CURRENT_PROJECT_VERSION = 1;
				DEVELOPMENT_TEAM = 24J8Y2KTAV;
				DYLIB_COMPATIBILITY_VERSION = 1;
				DYLIB_CURRENT_VERSION = 1;
				DYLIB_INSTALL_NAME_BASE = "@rpath";
				ENABLE_MODULE_VERIFIER = YES;
				GENERATE_INFOPLIST_FILE = YES;
				INFOPLIST_KEY_NSHumanReadableCopyright = "";
				INSTALL_PATH = "$(LOCAL_LIBRARY_DIR)/Frameworks";
				IPHONEOS_DEPLOYMENT_TARGET = 13.0;
				LD_RUNPATH_SEARCH_PATHS = (
					"$(inherited)",
					"@executable_path/Frameworks",
					"@loader_path/Frameworks",
				);
				MARKETING_VERSION = 1.0;
				MODULE_VERIFIER_SUPPORTED_LANGUAGES = "objective-c objective-c++";
				MODULE_VERIFIER_SUPPORTED_LANGUAGE_STANDARDS = "gnu17 gnu++20";
				PRODUCT_BUNDLE_IDENTIFIER = "com.pingidentity.External-idp-native-handlers";
				PRODUCT_NAME = "$(TARGET_NAME:c99extidentifier)";
				SKIP_INSTALL = YES;
				SUPPORTED_PLATFORMS = "iphoneos iphonesimulator";
				SUPPORTS_MACCATALYST = NO;
				SUPPORTS_MAC_DESIGNED_FOR_IPHONE_IPAD = NO;
				SUPPORTS_XR_DESIGNED_FOR_IPHONE_IPAD = NO;
				SWIFT_EMIT_LOC_STRINGS = YES;
				SWIFT_INSTALL_MODULE = YES;
				SWIFT_INSTALL_OBJC_HEADER = NO;
				SWIFT_VERSION = 5.0;
				TARGETED_DEVICE_FAMILY = "1,2,6";
			};
			name = Debug;
		};
		ECED50BF2DBBC6CC00FA39A7 /* Release */ = {
			isa = XCBuildConfiguration;
			buildSettings = {
				BUILD_LIBRARY_FOR_DISTRIBUTION = NO;
				CODE_SIGN_STYLE = Automatic;
				CURRENT_PROJECT_VERSION = 1;
				DEVELOPMENT_TEAM = 24J8Y2KTAV;
				DYLIB_COMPATIBILITY_VERSION = 1;
				DYLIB_CURRENT_VERSION = 1;
				DYLIB_INSTALL_NAME_BASE = "@rpath";
				ENABLE_MODULE_VERIFIER = YES;
				GENERATE_INFOPLIST_FILE = YES;
				INFOPLIST_KEY_NSHumanReadableCopyright = "";
				INSTALL_PATH = "$(LOCAL_LIBRARY_DIR)/Frameworks";
				IPHONEOS_DEPLOYMENT_TARGET = 13.0;
				LD_RUNPATH_SEARCH_PATHS = (
					"$(inherited)",
					"@executable_path/Frameworks",
					"@loader_path/Frameworks",
				);
				MARKETING_VERSION = 1.0;
				MODULE_VERIFIER_SUPPORTED_LANGUAGES = "objective-c objective-c++";
				MODULE_VERIFIER_SUPPORTED_LANGUAGE_STANDARDS = "gnu17 gnu++20";
				PRODUCT_BUNDLE_IDENTIFIER = "com.pingidentity.External-idp-native-handlers";
				PRODUCT_NAME = "$(TARGET_NAME:c99extidentifier)";
				SKIP_INSTALL = YES;
				SUPPORTED_PLATFORMS = "iphoneos iphonesimulator";
				SUPPORTS_MACCATALYST = NO;
				SUPPORTS_MAC_DESIGNED_FOR_IPHONE_IPAD = NO;
				SUPPORTS_XR_DESIGNED_FOR_IPHONE_IPAD = NO;
				SWIFT_EMIT_LOC_STRINGS = YES;
				SWIFT_INSTALL_MODULE = YES;
				SWIFT_INSTALL_OBJC_HEADER = NO;
				SWIFT_VERSION = 5.0;
				TARGETED_DEVICE_FAMILY = "1,2,6";
			};
			name = Release;
		};
		ECED51082DBFD7EB00FA39A7 /* Debug */ = {
			isa = XCBuildConfiguration;
			buildSettings = {
				CODE_SIGN_STYLE = Automatic;
				CURRENT_PROJECT_VERSION = 1;
				DEVELOPMENT_TEAM = 24J8Y2KTAV;
				GENERATE_INFOPLIST_FILE = YES;
				IPHONEOS_DEPLOYMENT_TARGET = 13.0;
				MARKETING_VERSION = 1.0;
				PRODUCT_BUNDLE_IDENTIFIER = "com.pingidentity.PingExternal-idp-native-handlersTests";
				PRODUCT_NAME = "$(TARGET_NAME)";
				SWIFT_EMIT_LOC_STRINGS = NO;
				SWIFT_VERSION = 5.0;
				TARGETED_DEVICE_FAMILY = "1,2";
			};
			name = Debug;
		};
		ECED51092DBFD7EB00FA39A7 /* Release */ = {
			isa = XCBuildConfiguration;
			buildSettings = {
				CODE_SIGN_STYLE = Automatic;
				CURRENT_PROJECT_VERSION = 1;
				DEVELOPMENT_TEAM = 24J8Y2KTAV;
				GENERATE_INFOPLIST_FILE = YES;
				IPHONEOS_DEPLOYMENT_TARGET = 13.0;
				MARKETING_VERSION = 1.0;
				PRODUCT_BUNDLE_IDENTIFIER = "com.pingidentity.PingExternal-idp-native-handlersTests";
				PRODUCT_NAME = "$(TARGET_NAME)";
				SWIFT_EMIT_LOC_STRINGS = NO;
				SWIFT_VERSION = 5.0;
				TARGETED_DEVICE_FAMILY = "1,2";
			};
			name = Release;
		};
/* End XCBuildConfiguration section */

/* Begin XCConfigurationList section */
		ECED50B02DBBC6CC00FA39A7 /* Build configuration list for PBXProject "External-idp-native-handlers" */ = {
			isa = XCConfigurationList;
			buildConfigurations = (
				ECED50BB2DBBC6CC00FA39A7 /* Debug */,
				ECED50BC2DBBC6CC00FA39A7 /* Release */,
			);
			defaultConfigurationIsVisible = 0;
			defaultConfigurationName = Release;
		};
		ECED50BD2DBBC6CC00FA39A7 /* Build configuration list for PBXNativeTarget "PingExternal-idp-native-handlers" */ = {
			isa = XCConfigurationList;
			buildConfigurations = (
				ECED50BE2DBBC6CC00FA39A7 /* Debug */,
				ECED50BF2DBBC6CC00FA39A7 /* Release */,
			);
			defaultConfigurationIsVisible = 0;
			defaultConfigurationName = Release;
		};
		ECED51072DBFD7EB00FA39A7 /* Build configuration list for PBXNativeTarget "PingExternal_idp_native_handlersTests" */ = {
			isa = XCConfigurationList;
			buildConfigurations = (
				ECED51082DBFD7EB00FA39A7 /* Debug */,
				ECED51092DBFD7EB00FA39A7 /* Release */,
			);
			defaultConfigurationIsVisible = 0;
			defaultConfigurationName = Release;
		};
/* End XCConfigurationList section */

/* Begin XCRemoteSwiftPackageReference section */
		ECED50EB2DBBDCBC00FA39A7 /* XCRemoteSwiftPackageReference "facebook-ios-sdk" */ = {
			isa = XCRemoteSwiftPackageReference;
			repositoryURL = "https://github.com/facebook/facebook-ios-sdk";
			requirement = {
				kind = exactVersion;
				version = 16.3.1;
			};
		};
		ECED50F92DBF969900FA39A7 /* XCRemoteSwiftPackageReference "GoogleSignIn-iOS" */ = {
			isa = XCRemoteSwiftPackageReference;
			repositoryURL = "https://github.com/google/GoogleSignIn-iOS";
			requirement = {
				kind = exactVersion;
				version = "8.1.0-vwg-eap-1.0.0";
			};
		};
/* End XCRemoteSwiftPackageReference section */

/* Begin XCSwiftPackageProductDependency section */
		ECED50EC2DBBDCBC00FA39A7 /* FacebookCore */ = {
			isa = XCSwiftPackageProductDependency;
			package = ECED50EB2DBBDCBC00FA39A7 /* XCRemoteSwiftPackageReference "facebook-ios-sdk" */;
			productName = FacebookCore;
		};
		ECED50EE2DBBDCBC00FA39A7 /* FacebookLogin */ = {
			isa = XCSwiftPackageProductDependency;
			package = ECED50EB2DBBDCBC00FA39A7 /* XCRemoteSwiftPackageReference "facebook-ios-sdk" */;
			productName = FacebookLogin;
		};
		ECED50FA2DBF969900FA39A7 /* GoogleSignIn */ = {
			isa = XCSwiftPackageProductDependency;
			package = ECED50F92DBF969900FA39A7 /* XCRemoteSwiftPackageReference "GoogleSignIn-iOS" */;
			productName = GoogleSignIn;
		};
/* End XCSwiftPackageProductDependency section */
	};
	rootObject = ECED50AD2DBBC6CC00FA39A7 /* Project object */;
}
